
Microsoft Visual Studio Solution File, Format Version 12.00
# Visual Studio 2013
VisualStudioVersion = 12.0.30723.0
MinimumVisualStudioVersion = 10.0.40219.1
Project("{FAE04EC0-301F-11D3-BF4B-00C04F79EFBC}") = "MobiChat.Core", "MobiChat.Core\MobiChat.Core.csproj", "{45ECE815-BC33-4C33-8800-0CAD99F3A21A}"
EndProject
Project("{FAE04EC0-301F-11D3-BF4B-00C04F79EFBC}") = "MobiChat.Core.Sql", "MobiChat.Data.Sql\MobiChat.Core.Sql.csproj", "{4A47875C-533C-44D9-AFFF-9A230551AEC8}"
EndProject
Project("{FAE04EC0-301F-11D3-BF4B-00C04F79EFBC}") = "MobiChat.Web", "MobiChat.Web\MobiChat.Web.csproj", "{8C5A5A7C-09C3-4C9B-8450-0CD1D655A4BA}"
EndProject
Project("{FAE04EC0-301F-11D3-BF4B-00C04F79EFBC}") = "MobiChat.Web.Core", "MobiChat.Web.Core\MobiChat.Web.Core.csproj", "{80B2BF16-A026-483A-AE38-50CAED13E873}"
EndProject
Project("{FAE04EC0-301F-11D3-BF4B-00C04F79EFBC}") = "MobiChat.Management", "MobiChat.Management\MobiChat.Management.csproj", "{803C0083-4C58-4BA6-B8EF-937FFF3FE4EB}"
EndProject
Project("{FAE04EC0-301F-11D3-BF4B-00C04F79EFBC}") = "MobiChat.Management.Core", "MobiChat.Management.Core\MobiChat.Management.Core.csproj", "{6F8C2C7B-B9AB-4950-B8EB-15DB33968124}"
EndProject
Project("{FAE04EC0-301F-11D3-BF4B-00C04F79EFBC}") = "MobiChat.Tests", "MobiChat.Tests\MobiChat.Tests.csproj", "{DAA30037-95D5-4634-BF84-D3B628FD0897}"
EndProject
Project("{FAE04EC0-301F-11D3-BF4B-00C04F79EFBC}") = "Senti.Core", "..\..\..\Senti\trunk\Senti.Core\Senti.Core.csproj", "{FC2AA55A-F0CA-423A-8F45-2F21FC6982CE}"
EndProject
Project("{FAE04EC0-301F-11D3-BF4B-00C04F79EFBC}") = "Senti.Data", "..\..\..\Senti\trunk\Senti.Data\Senti.Data.csproj", "{FFA64EB3-3D17-4DC1-8B8F-1E4B884AC7E5}"
EndProject
Project("{FAE04EC0-301F-11D3-BF4B-00C04F79EFBC}") = "MobiChat.Service", "MobiChat.Service\MobiChat.Service.csproj", "{649FCE91-A01E-4165-91C7-12465294EE6D}"
EndProject
Project("{FAE04EC0-301F-11D3-BF4B-00C04F79EFBC}") = "MobiChat.Service.Core", "MobiChat.Service.Core\MobiChat.Service.Core.csproj", "{34106E25-0221-4DB2-A7A3-87A7952CA0F9}"
EndProject
Project("{FAE04EC0-301F-11D3-BF4B-00C04F79EFBC}") = "Cashflow.Client", "..\..\..\Cashflow\trunk\Cashflow.Client\Cashflow.Client.csproj", "{E4E07AF9-8B9B-4C22-BC21-A1B69281FF15}"
EndProject
Project("{FAE04EC0-301F-11D3-BF4B-00C04F79EFBC}") = "Cashflow.Client.Web", "..\..\..\Cashflow\trunk\Cashflow.Client.Web\Cashflow.Client.Web.csproj", "{54D5DA6D-FD32-401D-BB91-6A8068FAE4AA}"
EndProject
Project("{FAE04EC0-301F-11D3-BF4B-00C04F79EFBC}") = "Cashflow.Message", "..\..\..\Cashflow\trunk\Cashflow.Message\Cashflow.Message.csproj", "{256B7409-9CED-4AC4-912A-EF8D4C819801}"
EndProject
Project("{FAE04EC0-301F-11D3-BF4B-00C04F79EFBC}") = "MobiChat.Statistics", "MobiChat.Statistics\MobiChat.Statistics.csproj", "{EED0EACD-D15F-44AE-A7A4-7851C2FF9203}"
EndProject
Project("{FAE04EC0-301F-11D3-BF4B-00C04F79EFBC}") = "MobiChat.Statistics.Core", "MobiChat.Statistics.Core\MobiChat.Statistics.Core.csproj", "{D607130E-F6E7-4982-A034-4230FD69D98D}"
EndProject
Global
	GlobalSection(SolutionConfigurationPlatforms) = preSolution
		Debug|Any CPU = Debug|Any CPU
		Debug|x64 = Debug|x64
		Live.Debug|Any CPU = Live.Debug|Any CPU
		Live.Debug|x64 = Live.Debug|x64
		Live.Release|Any CPU = Live.Release|Any CPU
		Live.Release|x64 = Live.Release|x64
		Local.Debug|Any CPU = Local.Debug|Any CPU
		Local.Debug|x64 = Local.Debug|x64
		Local.Release|Any CPU = Local.Release|Any CPU
		Local.Release|x64 = Local.Release|x64
		Local.Test|Any CPU = Local.Test|Any CPU
		Local.Test|x64 = Local.Test|x64
		Release|Any CPU = Release|Any CPU
		Release|x64 = Release|x64
		Stagging.Debug|Any CPU = Stagging.Debug|Any CPU
		Stagging.Debug|x64 = Stagging.Debug|x64
		Stagging.Release|Any CPU = Stagging.Release|Any CPU
		Stagging.Release|x64 = Stagging.Release|x64
		Test.Debug|Any CPU = Test.Debug|Any CPU
		Test.Debug|x64 = Test.Debug|x64
		Test.Release|Any CPU = Test.Release|Any CPU
		Test.Release|x64 = Test.Release|x64
	EndGlobalSection
	GlobalSection(ProjectConfigurationPlatforms) = postSolution
		{45ECE815-BC33-4C33-8800-0CAD99F3A21A}.Debug|Any CPU.ActiveCfg = Debug|Any CPU
		{45ECE815-BC33-4C33-8800-0CAD99F3A21A}.Debug|Any CPU.Build.0 = Debug|Any CPU
		{45ECE815-BC33-4C33-8800-0CAD99F3A21A}.Debug|x64.ActiveCfg = Debug|Any CPU
		{45ECE815-BC33-4C33-8800-0CAD99F3A21A}.Live.Debug|Any CPU.ActiveCfg = Debug|Any CPU
		{45ECE815-BC33-4C33-8800-0CAD99F3A21A}.Live.Debug|Any CPU.Build.0 = Debug|Any CPU
		{45ECE815-BC33-4C33-8800-0CAD99F3A21A}.Live.Debug|x64.ActiveCfg = Debug|Any CPU
		{45ECE815-BC33-4C33-8800-0CAD99F3A21A}.Live.Release|Any CPU.ActiveCfg = Release|Any CPU
		{45ECE815-BC33-4C33-8800-0CAD99F3A21A}.Live.Release|Any CPU.Build.0 = Release|Any CPU
		{45ECE815-BC33-4C33-8800-0CAD99F3A21A}.Live.Release|x64.ActiveCfg = Release|Any CPU
		{45ECE815-BC33-4C33-8800-0CAD99F3A21A}.Local.Debug|Any CPU.ActiveCfg = Debug|Any CPU
		{45ECE815-BC33-4C33-8800-0CAD99F3A21A}.Local.Debug|Any CPU.Build.0 = Debug|Any CPU
		{45ECE815-BC33-4C33-8800-0CAD99F3A21A}.Local.Debug|x64.ActiveCfg = Debug|Any CPU
		{45ECE815-BC33-4C33-8800-0CAD99F3A21A}.Local.Release|Any CPU.ActiveCfg = Release|Any CPU
		{45ECE815-BC33-4C33-8800-0CAD99F3A21A}.Local.Release|Any CPU.Build.0 = Release|Any CPU
		{45ECE815-BC33-4C33-8800-0CAD99F3A21A}.Local.Release|x64.ActiveCfg = Release|Any CPU
		{45ECE815-BC33-4C33-8800-0CAD99F3A21A}.Local.Test|Any CPU.ActiveCfg = Release|Any CPU
		{45ECE815-BC33-4C33-8800-0CAD99F3A21A}.Local.Test|Any CPU.Build.0 = Release|Any CPU
		{45ECE815-BC33-4C33-8800-0CAD99F3A21A}.Local.Test|x64.ActiveCfg = Release|Any CPU
		{45ECE815-BC33-4C33-8800-0CAD99F3A21A}.Release|Any CPU.ActiveCfg = Release|Any CPU
		{45ECE815-BC33-4C33-8800-0CAD99F3A21A}.Release|Any CPU.Build.0 = Release|Any CPU
		{45ECE815-BC33-4C33-8800-0CAD99F3A21A}.Release|x64.ActiveCfg = Release|Any CPU
		{45ECE815-BC33-4C33-8800-0CAD99F3A21A}.Stagging.Debug|Any CPU.ActiveCfg = Debug|Any CPU
		{45ECE815-BC33-4C33-8800-0CAD99F3A21A}.Stagging.Debug|Any CPU.Build.0 = Debug|Any CPU
		{45ECE815-BC33-4C33-8800-0CAD99F3A21A}.Stagging.Debug|x64.ActiveCfg = Debug|Any CPU
		{45ECE815-BC33-4C33-8800-0CAD99F3A21A}.Stagging.Release|Any CPU.ActiveCfg = Release|Any CPU
		{45ECE815-BC33-4C33-8800-0CAD99F3A21A}.Stagging.Release|Any CPU.Build.0 = Release|Any CPU
		{45ECE815-BC33-4C33-8800-0CAD99F3A21A}.Stagging.Release|x64.ActiveCfg = Release|Any CPU
		{45ECE815-BC33-4C33-8800-0CAD99F3A21A}.Test.Debug|Any CPU.ActiveCfg = Debug|Any CPU
		{45ECE815-BC33-4C33-8800-0CAD99F3A21A}.Test.Debug|Any CPU.Build.0 = Debug|Any CPU
		{45ECE815-BC33-4C33-8800-0CAD99F3A21A}.Test.Debug|x64.ActiveCfg = Debug|Any CPU
		{45ECE815-BC33-4C33-8800-0CAD99F3A21A}.Test.Release|Any CPU.ActiveCfg = Release|Any CPU
		{45ECE815-BC33-4C33-8800-0CAD99F3A21A}.Test.Release|Any CPU.Build.0 = Release|Any CPU
		{45ECE815-BC33-4C33-8800-0CAD99F3A21A}.Test.Release|x64.ActiveCfg = Release|Any CPU
		{4A47875C-533C-44D9-AFFF-9A230551AEC8}.Debug|Any CPU.ActiveCfg = Debug|Any CPU
		{4A47875C-533C-44D9-AFFF-9A230551AEC8}.Debug|Any CPU.Build.0 = Debug|Any CPU
		{4A47875C-533C-44D9-AFFF-9A230551AEC8}.Debug|x64.ActiveCfg = Debug|Any CPU
		{4A47875C-533C-44D9-AFFF-9A230551AEC8}.Live.Debug|Any CPU.ActiveCfg = Debug|Any CPU
		{4A47875C-533C-44D9-AFFF-9A230551AEC8}.Live.Debug|Any CPU.Build.0 = Debug|Any CPU
		{4A47875C-533C-44D9-AFFF-9A230551AEC8}.Live.Debug|x64.ActiveCfg = Debug|Any CPU
		{4A47875C-533C-44D9-AFFF-9A230551AEC8}.Live.Release|Any CPU.ActiveCfg = Release|Any CPU
		{4A47875C-533C-44D9-AFFF-9A230551AEC8}.Live.Release|Any CPU.Build.0 = Release|Any CPU
		{4A47875C-533C-44D9-AFFF-9A230551AEC8}.Live.Release|x64.ActiveCfg = Release|Any CPU
		{4A47875C-533C-44D9-AFFF-9A230551AEC8}.Local.Debug|Any CPU.ActiveCfg = Debug|Any CPU
		{4A47875C-533C-44D9-AFFF-9A230551AEC8}.Local.Debug|Any CPU.Build.0 = Debug|Any CPU
		{4A47875C-533C-44D9-AFFF-9A230551AEC8}.Local.Debug|x64.ActiveCfg = Debug|Any CPU
		{4A47875C-533C-44D9-AFFF-9A230551AEC8}.Local.Release|Any CPU.ActiveCfg = Release|Any CPU
		{4A47875C-533C-44D9-AFFF-9A230551AEC8}.Local.Release|Any CPU.Build.0 = Release|Any CPU
		{4A47875C-533C-44D9-AFFF-9A230551AEC8}.Local.Release|x64.ActiveCfg = Release|Any CPU
		{4A47875C-533C-44D9-AFFF-9A230551AEC8}.Local.Test|Any CPU.ActiveCfg = Release|Any CPU
		{4A47875C-533C-44D9-AFFF-9A230551AEC8}.Local.Test|Any CPU.Build.0 = Release|Any CPU
		{4A47875C-533C-44D9-AFFF-9A230551AEC8}.Local.Test|x64.ActiveCfg = Release|Any CPU
		{4A47875C-533C-44D9-AFFF-9A230551AEC8}.Release|Any CPU.ActiveCfg = Release|Any CPU
		{4A47875C-533C-44D9-AFFF-9A230551AEC8}.Release|Any CPU.Build.0 = Release|Any CPU
		{4A47875C-533C-44D9-AFFF-9A230551AEC8}.Release|x64.ActiveCfg = Release|Any CPU
		{4A47875C-533C-44D9-AFFF-9A230551AEC8}.Stagging.Debug|Any CPU.ActiveCfg = Debug|Any CPU
		{4A47875C-533C-44D9-AFFF-9A230551AEC8}.Stagging.Debug|Any CPU.Build.0 = Debug|Any CPU
		{4A47875C-533C-44D9-AFFF-9A230551AEC8}.Stagging.Debug|x64.ActiveCfg = Debug|Any CPU
		{4A47875C-533C-44D9-AFFF-9A230551AEC8}.Stagging.Release|Any CPU.ActiveCfg = Release|Any CPU
		{4A47875C-533C-44D9-AFFF-9A230551AEC8}.Stagging.Release|Any CPU.Build.0 = Release|Any CPU
		{4A47875C-533C-44D9-AFFF-9A230551AEC8}.Stagging.Release|x64.ActiveCfg = Release|Any CPU
		{4A47875C-533C-44D9-AFFF-9A230551AEC8}.Test.Debug|Any CPU.ActiveCfg = Debug|Any CPU
		{4A47875C-533C-44D9-AFFF-9A230551AEC8}.Test.Debug|Any CPU.Build.0 = Debug|Any CPU
		{4A47875C-533C-44D9-AFFF-9A230551AEC8}.Test.Debug|x64.ActiveCfg = Debug|Any CPU
		{4A47875C-533C-44D9-AFFF-9A230551AEC8}.Test.Release|Any CPU.ActiveCfg = Release|Any CPU
		{4A47875C-533C-44D9-AFFF-9A230551AEC8}.Test.Release|Any CPU.Build.0 = Release|Any CPU
		{4A47875C-533C-44D9-AFFF-9A230551AEC8}.Test.Release|x64.ActiveCfg = Release|Any CPU
		{8C5A5A7C-09C3-4C9B-8450-0CD1D655A4BA}.Debug|Any CPU.ActiveCfg = Debug|Any CPU
		{8C5A5A7C-09C3-4C9B-8450-0CD1D655A4BA}.Debug|Any CPU.Build.0 = Debug|Any CPU
		{8C5A5A7C-09C3-4C9B-8450-0CD1D655A4BA}.Debug|x64.ActiveCfg = Debug|Any CPU
		{8C5A5A7C-09C3-4C9B-8450-0CD1D655A4BA}.Live.Debug|Any CPU.ActiveCfg = Debug|Any CPU
		{8C5A5A7C-09C3-4C9B-8450-0CD1D655A4BA}.Live.Debug|Any CPU.Build.0 = Debug|Any CPU
		{8C5A5A7C-09C3-4C9B-8450-0CD1D655A4BA}.Live.Debug|x64.ActiveCfg = Debug|Any CPU
		{8C5A5A7C-09C3-4C9B-8450-0CD1D655A4BA}.Live.Release|Any CPU.ActiveCfg = Release|Any CPU
		{8C5A5A7C-09C3-4C9B-8450-0CD1D655A4BA}.Live.Release|Any CPU.Build.0 = Release|Any CPU
		{8C5A5A7C-09C3-4C9B-8450-0CD1D655A4BA}.Live.Release|x64.ActiveCfg = Release|Any CPU
		{8C5A5A7C-09C3-4C9B-8450-0CD1D655A4BA}.Local.Debug|Any CPU.ActiveCfg = Debug|Any CPU
		{8C5A5A7C-09C3-4C9B-8450-0CD1D655A4BA}.Local.Debug|Any CPU.Build.0 = Debug|Any CPU
		{8C5A5A7C-09C3-4C9B-8450-0CD1D655A4BA}.Local.Debug|x64.ActiveCfg = Debug|Any CPU
		{8C5A5A7C-09C3-4C9B-8450-0CD1D655A4BA}.Local.Release|Any CPU.ActiveCfg = Release|Any CPU
		{8C5A5A7C-09C3-4C9B-8450-0CD1D655A4BA}.Local.Release|Any CPU.Build.0 = Release|Any CPU
		{8C5A5A7C-09C3-4C9B-8450-0CD1D655A4BA}.Local.Release|x64.ActiveCfg = Release|Any CPU
		{8C5A5A7C-09C3-4C9B-8450-0CD1D655A4BA}.Local.Test|Any CPU.ActiveCfg = Release|Any CPU
		{8C5A5A7C-09C3-4C9B-8450-0CD1D655A4BA}.Local.Test|Any CPU.Build.0 = Release|Any CPU
		{8C5A5A7C-09C3-4C9B-8450-0CD1D655A4BA}.Local.Test|x64.ActiveCfg = Release|Any CPU
		{8C5A5A7C-09C3-4C9B-8450-0CD1D655A4BA}.Release|Any CPU.ActiveCfg = Release|Any CPU
		{8C5A5A7C-09C3-4C9B-8450-0CD1D655A4BA}.Release|Any CPU.Build.0 = Release|Any CPU
		{8C5A5A7C-09C3-4C9B-8450-0CD1D655A4BA}.Release|x64.ActiveCfg = Release|Any CPU
		{8C5A5A7C-09C3-4C9B-8450-0CD1D655A4BA}.Stagging.Debug|Any CPU.ActiveCfg = Debug|Any CPU
		{8C5A5A7C-09C3-4C9B-8450-0CD1D655A4BA}.Stagging.Debug|Any CPU.Build.0 = Debug|Any CPU
		{8C5A5A7C-09C3-4C9B-8450-0CD1D655A4BA}.Stagging.Debug|x64.ActiveCfg = Debug|Any CPU
		{8C5A5A7C-09C3-4C9B-8450-0CD1D655A4BA}.Stagging.Release|Any CPU.ActiveCfg = Release|Any CPU
		{8C5A5A7C-09C3-4C9B-8450-0CD1D655A4BA}.Stagging.Release|Any CPU.Build.0 = Release|Any CPU
		{8C5A5A7C-09C3-4C9B-8450-0CD1D655A4BA}.Stagging.Release|x64.ActiveCfg = Release|Any CPU
		{8C5A5A7C-09C3-4C9B-8450-0CD1D655A4BA}.Test.Debug|Any CPU.ActiveCfg = Debug|Any CPU
		{8C5A5A7C-09C3-4C9B-8450-0CD1D655A4BA}.Test.Debug|Any CPU.Build.0 = Debug|Any CPU
		{8C5A5A7C-09C3-4C9B-8450-0CD1D655A4BA}.Test.Debug|x64.ActiveCfg = Debug|Any CPU
		{8C5A5A7C-09C3-4C9B-8450-0CD1D655A4BA}.Test.Release|Any CPU.ActiveCfg = Release|Any CPU
		{8C5A5A7C-09C3-4C9B-8450-0CD1D655A4BA}.Test.Release|Any CPU.Build.0 = Release|Any CPU
		{8C5A5A7C-09C3-4C9B-8450-0CD1D655A4BA}.Test.Release|x64.ActiveCfg = Release|Any CPU
		{80B2BF16-A026-483A-AE38-50CAED13E873}.Debug|Any CPU.ActiveCfg = Debug|Any CPU
		{80B2BF16-A026-483A-AE38-50CAED13E873}.Debug|Any CPU.Build.0 = Debug|Any CPU
		{80B2BF16-A026-483A-AE38-50CAED13E873}.Debug|x64.ActiveCfg = Debug|Any CPU
		{80B2BF16-A026-483A-AE38-50CAED13E873}.Live.Debug|Any CPU.ActiveCfg = Debug|Any CPU
		{80B2BF16-A026-483A-AE38-50CAED13E873}.Live.Debug|Any CPU.Build.0 = Debug|Any CPU
		{80B2BF16-A026-483A-AE38-50CAED13E873}.Live.Debug|x64.ActiveCfg = Debug|Any CPU
		{80B2BF16-A026-483A-AE38-50CAED13E873}.Live.Release|Any CPU.ActiveCfg = Release|Any CPU
		{80B2BF16-A026-483A-AE38-50CAED13E873}.Live.Release|Any CPU.Build.0 = Release|Any CPU
		{80B2BF16-A026-483A-AE38-50CAED13E873}.Live.Release|x64.ActiveCfg = Release|Any CPU
		{80B2BF16-A026-483A-AE38-50CAED13E873}.Local.Debug|Any CPU.ActiveCfg = Debug|Any CPU
		{80B2BF16-A026-483A-AE38-50CAED13E873}.Local.Debug|Any CPU.Build.0 = Debug|Any CPU
		{80B2BF16-A026-483A-AE38-50CAED13E873}.Local.Debug|x64.ActiveCfg = Debug|Any CPU
		{80B2BF16-A026-483A-AE38-50CAED13E873}.Local.Release|Any CPU.ActiveCfg = Release|Any CPU
		{80B2BF16-A026-483A-AE38-50CAED13E873}.Local.Release|Any CPU.Build.0 = Release|Any CPU
		{80B2BF16-A026-483A-AE38-50CAED13E873}.Local.Release|x64.ActiveCfg = Release|Any CPU
		{80B2BF16-A026-483A-AE38-50CAED13E873}.Local.Test|Any CPU.ActiveCfg = Release|Any CPU
		{80B2BF16-A026-483A-AE38-50CAED13E873}.Local.Test|Any CPU.Build.0 = Release|Any CPU
		{80B2BF16-A026-483A-AE38-50CAED13E873}.Local.Test|x64.ActiveCfg = Release|Any CPU
		{80B2BF16-A026-483A-AE38-50CAED13E873}.Release|Any CPU.ActiveCfg = Release|Any CPU
		{80B2BF16-A026-483A-AE38-50CAED13E873}.Release|Any CPU.Build.0 = Release|Any CPU
		{80B2BF16-A026-483A-AE38-50CAED13E873}.Release|x64.ActiveCfg = Release|Any CPU
		{80B2BF16-A026-483A-AE38-50CAED13E873}.Stagging.Debug|Any CPU.ActiveCfg = Debug|Any CPU
		{80B2BF16-A026-483A-AE38-50CAED13E873}.Stagging.Debug|Any CPU.Build.0 = Debug|Any CPU
		{80B2BF16-A026-483A-AE38-50CAED13E873}.Stagging.Debug|x64.ActiveCfg = Debug|Any CPU
		{80B2BF16-A026-483A-AE38-50CAED13E873}.Stagging.Release|Any CPU.ActiveCfg = Release|Any CPU
		{80B2BF16-A026-483A-AE38-50CAED13E873}.Stagging.Release|Any CPU.Build.0 = Release|Any CPU
		{80B2BF16-A026-483A-AE38-50CAED13E873}.Stagging.Release|x64.ActiveCfg = Release|Any CPU
		{80B2BF16-A026-483A-AE38-50CAED13E873}.Test.Debug|Any CPU.ActiveCfg = Debug|Any CPU
		{80B2BF16-A026-483A-AE38-50CAED13E873}.Test.Debug|Any CPU.Build.0 = Debug|Any CPU
		{80B2BF16-A026-483A-AE38-50CAED13E873}.Test.Debug|x64.ActiveCfg = Debug|Any CPU
		{80B2BF16-A026-483A-AE38-50CAED13E873}.Test.Release|Any CPU.ActiveCfg = Release|Any CPU
		{80B2BF16-A026-483A-AE38-50CAED13E873}.Test.Release|Any CPU.Build.0 = Release|Any CPU
		{80B2BF16-A026-483A-AE38-50CAED13E873}.Test.Release|x64.ActiveCfg = Release|Any CPU
		{803C0083-4C58-4BA6-B8EF-937FFF3FE4EB}.Debug|Any CPU.ActiveCfg = Debug|Any CPU
		{803C0083-4C58-4BA6-B8EF-937FFF3FE4EB}.Debug|Any CPU.Build.0 = Debug|Any CPU
		{803C0083-4C58-4BA6-B8EF-937FFF3FE4EB}.Debug|x64.ActiveCfg = Debug|Any CPU
		{803C0083-4C58-4BA6-B8EF-937FFF3FE4EB}.Live.Debug|Any CPU.ActiveCfg = Debug|Any CPU
		{803C0083-4C58-4BA6-B8EF-937FFF3FE4EB}.Live.Debug|Any CPU.Build.0 = Debug|Any CPU
		{803C0083-4C58-4BA6-B8EF-937FFF3FE4EB}.Live.Debug|x64.ActiveCfg = Debug|Any CPU
		{803C0083-4C58-4BA6-B8EF-937FFF3FE4EB}.Live.Release|Any CPU.ActiveCfg = Release|Any CPU
		{803C0083-4C58-4BA6-B8EF-937FFF3FE4EB}.Live.Release|Any CPU.Build.0 = Release|Any CPU
		{803C0083-4C58-4BA6-B8EF-937FFF3FE4EB}.Live.Release|x64.ActiveCfg = Release|Any CPU
		{803C0083-4C58-4BA6-B8EF-937FFF3FE4EB}.Local.Debug|Any CPU.ActiveCfg = Debug|Any CPU
		{803C0083-4C58-4BA6-B8EF-937FFF3FE4EB}.Local.Debug|Any CPU.Build.0 = Debug|Any CPU
		{803C0083-4C58-4BA6-B8EF-937FFF3FE4EB}.Local.Debug|x64.ActiveCfg = Debug|Any CPU
		{803C0083-4C58-4BA6-B8EF-937FFF3FE4EB}.Local.Release|Any CPU.ActiveCfg = Release|Any CPU
		{803C0083-4C58-4BA6-B8EF-937FFF3FE4EB}.Local.Release|Any CPU.Build.0 = Release|Any CPU
		{803C0083-4C58-4BA6-B8EF-937FFF3FE4EB}.Local.Release|x64.ActiveCfg = Release|Any CPU
		{803C0083-4C58-4BA6-B8EF-937FFF3FE4EB}.Local.Test|Any CPU.ActiveCfg = Release|Any CPU
		{803C0083-4C58-4BA6-B8EF-937FFF3FE4EB}.Local.Test|Any CPU.Build.0 = Release|Any CPU
		{803C0083-4C58-4BA6-B8EF-937FFF3FE4EB}.Local.Test|x64.ActiveCfg = Release|Any CPU
		{803C0083-4C58-4BA6-B8EF-937FFF3FE4EB}.Release|Any CPU.ActiveCfg = Release|Any CPU
		{803C0083-4C58-4BA6-B8EF-937FFF3FE4EB}.Release|Any CPU.Build.0 = Release|Any CPU
		{803C0083-4C58-4BA6-B8EF-937FFF3FE4EB}.Release|x64.ActiveCfg = Release|Any CPU
		{803C0083-4C58-4BA6-B8EF-937FFF3FE4EB}.Stagging.Debug|Any CPU.ActiveCfg = Debug|Any CPU
		{803C0083-4C58-4BA6-B8EF-937FFF3FE4EB}.Stagging.Debug|Any CPU.Build.0 = Debug|Any CPU
		{803C0083-4C58-4BA6-B8EF-937FFF3FE4EB}.Stagging.Debug|x64.ActiveCfg = Debug|Any CPU
		{803C0083-4C58-4BA6-B8EF-937FFF3FE4EB}.Stagging.Release|Any CPU.ActiveCfg = Release|Any CPU
		{803C0083-4C58-4BA6-B8EF-937FFF3FE4EB}.Stagging.Release|Any CPU.Build.0 = Release|Any CPU
		{803C0083-4C58-4BA6-B8EF-937FFF3FE4EB}.Stagging.Release|x64.ActiveCfg = Release|Any CPU
		{803C0083-4C58-4BA6-B8EF-937FFF3FE4EB}.Test.Debug|Any CPU.ActiveCfg = Debug|Any CPU
		{803C0083-4C58-4BA6-B8EF-937FFF3FE4EB}.Test.Debug|Any CPU.Build.0 = Debug|Any CPU
		{803C0083-4C58-4BA6-B8EF-937FFF3FE4EB}.Test.Debug|x64.ActiveCfg = Debug|Any CPU
		{803C0083-4C58-4BA6-B8EF-937FFF3FE4EB}.Test.Release|Any CPU.ActiveCfg = Release|Any CPU
		{803C0083-4C58-4BA6-B8EF-937FFF3FE4EB}.Test.Release|Any CPU.Build.0 = Release|Any CPU
		{803C0083-4C58-4BA6-B8EF-937FFF3FE4EB}.Test.Release|x64.ActiveCfg = Release|Any CPU
		{6F8C2C7B-B9AB-4950-B8EB-15DB33968124}.Debug|Any CPU.ActiveCfg = Debug|Any CPU
		{6F8C2C7B-B9AB-4950-B8EB-15DB33968124}.Debug|Any CPU.Build.0 = Debug|Any CPU
		{6F8C2C7B-B9AB-4950-B8EB-15DB33968124}.Debug|x64.ActiveCfg = Debug|Any CPU
		{6F8C2C7B-B9AB-4950-B8EB-15DB33968124}.Live.Debug|Any CPU.ActiveCfg = Debug|Any CPU
		{6F8C2C7B-B9AB-4950-B8EB-15DB33968124}.Live.Debug|Any CPU.Build.0 = Debug|Any CPU
		{6F8C2C7B-B9AB-4950-B8EB-15DB33968124}.Live.Debug|x64.ActiveCfg = Debug|Any CPU
		{6F8C2C7B-B9AB-4950-B8EB-15DB33968124}.Live.Release|Any CPU.ActiveCfg = Release|Any CPU
		{6F8C2C7B-B9AB-4950-B8EB-15DB33968124}.Live.Release|Any CPU.Build.0 = Release|Any CPU
		{6F8C2C7B-B9AB-4950-B8EB-15DB33968124}.Live.Release|x64.ActiveCfg = Release|Any CPU
		{6F8C2C7B-B9AB-4950-B8EB-15DB33968124}.Local.Debug|Any CPU.ActiveCfg = Debug|Any CPU
		{6F8C2C7B-B9AB-4950-B8EB-15DB33968124}.Local.Debug|Any CPU.Build.0 = Debug|Any CPU
		{6F8C2C7B-B9AB-4950-B8EB-15DB33968124}.Local.Debug|x64.ActiveCfg = Debug|Any CPU
		{6F8C2C7B-B9AB-4950-B8EB-15DB33968124}.Local.Release|Any CPU.ActiveCfg = Release|Any CPU
		{6F8C2C7B-B9AB-4950-B8EB-15DB33968124}.Local.Release|Any CPU.Build.0 = Release|Any CPU
		{6F8C2C7B-B9AB-4950-B8EB-15DB33968124}.Local.Release|x64.ActiveCfg = Release|Any CPU
		{6F8C2C7B-B9AB-4950-B8EB-15DB33968124}.Local.Test|Any CPU.ActiveCfg = Release|Any CPU
		{6F8C2C7B-B9AB-4950-B8EB-15DB33968124}.Local.Test|Any CPU.Build.0 = Release|Any CPU
		{6F8C2C7B-B9AB-4950-B8EB-15DB33968124}.Local.Test|x64.ActiveCfg = Release|Any CPU
		{6F8C2C7B-B9AB-4950-B8EB-15DB33968124}.Release|Any CPU.ActiveCfg = Release|Any CPU
		{6F8C2C7B-B9AB-4950-B8EB-15DB33968124}.Release|Any CPU.Build.0 = Release|Any CPU
		{6F8C2C7B-B9AB-4950-B8EB-15DB33968124}.Release|x64.ActiveCfg = Release|Any CPU
		{6F8C2C7B-B9AB-4950-B8EB-15DB33968124}.Stagging.Debug|Any CPU.ActiveCfg = Debug|Any CPU
		{6F8C2C7B-B9AB-4950-B8EB-15DB33968124}.Stagging.Debug|Any CPU.Build.0 = Debug|Any CPU
		{6F8C2C7B-B9AB-4950-B8EB-15DB33968124}.Stagging.Debug|x64.ActiveCfg = Debug|Any CPU
		{6F8C2C7B-B9AB-4950-B8EB-15DB33968124}.Stagging.Release|Any CPU.ActiveCfg = Release|Any CPU
		{6F8C2C7B-B9AB-4950-B8EB-15DB33968124}.Stagging.Release|Any CPU.Build.0 = Release|Any CPU
		{6F8C2C7B-B9AB-4950-B8EB-15DB33968124}.Stagging.Release|x64.ActiveCfg = Release|Any CPU
		{6F8C2C7B-B9AB-4950-B8EB-15DB33968124}.Test.Debug|Any CPU.ActiveCfg = Debug|Any CPU
		{6F8C2C7B-B9AB-4950-B8EB-15DB33968124}.Test.Debug|Any CPU.Build.0 = Debug|Any CPU
		{6F8C2C7B-B9AB-4950-B8EB-15DB33968124}.Test.Debug|x64.ActiveCfg = Debug|Any CPU
		{6F8C2C7B-B9AB-4950-B8EB-15DB33968124}.Test.Release|Any CPU.ActiveCfg = Release|Any CPU
		{6F8C2C7B-B9AB-4950-B8EB-15DB33968124}.Test.Release|Any CPU.Build.0 = Release|Any CPU
		{6F8C2C7B-B9AB-4950-B8EB-15DB33968124}.Test.Release|x64.ActiveCfg = Release|Any CPU
		{DAA30037-95D5-4634-BF84-D3B628FD0897}.Debug|Any CPU.ActiveCfg = Debug|Any CPU
		{DAA30037-95D5-4634-BF84-D3B628FD0897}.Debug|Any CPU.Build.0 = Debug|Any CPU
		{DAA30037-95D5-4634-BF84-D3B628FD0897}.Debug|x64.ActiveCfg = Debug|Any CPU
		{DAA30037-95D5-4634-BF84-D3B628FD0897}.Live.Debug|Any CPU.ActiveCfg = Debug|Any CPU
		{DAA30037-95D5-4634-BF84-D3B628FD0897}.Live.Debug|Any CPU.Build.0 = Debug|Any CPU
		{DAA30037-95D5-4634-BF84-D3B628FD0897}.Live.Debug|x64.ActiveCfg = Debug|Any CPU
		{DAA30037-95D5-4634-BF84-D3B628FD0897}.Live.Release|Any CPU.ActiveCfg = Release|Any CPU
		{DAA30037-95D5-4634-BF84-D3B628FD0897}.Live.Release|Any CPU.Build.0 = Release|Any CPU
		{DAA30037-95D5-4634-BF84-D3B628FD0897}.Live.Release|x64.ActiveCfg = Release|Any CPU
		{DAA30037-95D5-4634-BF84-D3B628FD0897}.Local.Debug|Any CPU.ActiveCfg = Debug|Any CPU
		{DAA30037-95D5-4634-BF84-D3B628FD0897}.Local.Debug|Any CPU.Build.0 = Debug|Any CPU
		{DAA30037-95D5-4634-BF84-D3B628FD0897}.Local.Debug|x64.ActiveCfg = Debug|Any CPU
		{DAA30037-95D5-4634-BF84-D3B628FD0897}.Local.Release|Any CPU.ActiveCfg = Release|Any CPU
		{DAA30037-95D5-4634-BF84-D3B628FD0897}.Local.Release|Any CPU.Build.0 = Release|Any CPU
		{DAA30037-95D5-4634-BF84-D3B628FD0897}.Local.Release|x64.ActiveCfg = Release|Any CPU
		{DAA30037-95D5-4634-BF84-D3B628FD0897}.Local.Test|Any CPU.ActiveCfg = Release|Any CPU
		{DAA30037-95D5-4634-BF84-D3B628FD0897}.Local.Test|Any CPU.Build.0 = Release|Any CPU
		{DAA30037-95D5-4634-BF84-D3B628FD0897}.Local.Test|x64.ActiveCfg = Release|Any CPU
		{DAA30037-95D5-4634-BF84-D3B628FD0897}.Release|Any CPU.ActiveCfg = Release|Any CPU
		{DAA30037-95D5-4634-BF84-D3B628FD0897}.Release|Any CPU.Build.0 = Release|Any CPU
		{DAA30037-95D5-4634-BF84-D3B628FD0897}.Release|x64.ActiveCfg = Release|Any CPU
		{DAA30037-95D5-4634-BF84-D3B628FD0897}.Stagging.Debug|Any CPU.ActiveCfg = Debug|Any CPU
		{DAA30037-95D5-4634-BF84-D3B628FD0897}.Stagging.Debug|Any CPU.Build.0 = Debug|Any CPU
		{DAA30037-95D5-4634-BF84-D3B628FD0897}.Stagging.Debug|x64.ActiveCfg = Debug|Any CPU
		{DAA30037-95D5-4634-BF84-D3B628FD0897}.Stagging.Release|Any CPU.ActiveCfg = Release|Any CPU
		{DAA30037-95D5-4634-BF84-D3B628FD0897}.Stagging.Release|Any CPU.Build.0 = Release|Any CPU
		{DAA30037-95D5-4634-BF84-D3B628FD0897}.Stagging.Release|x64.ActiveCfg = Release|Any CPU
		{DAA30037-95D5-4634-BF84-D3B628FD0897}.Test.Debug|Any CPU.ActiveCfg = Debug|Any CPU
		{DAA30037-95D5-4634-BF84-D3B628FD0897}.Test.Debug|Any CPU.Build.0 = Debug|Any CPU
		{DAA30037-95D5-4634-BF84-D3B628FD0897}.Test.Debug|x64.ActiveCfg = Debug|Any CPU
		{DAA30037-95D5-4634-BF84-D3B628FD0897}.Test.Release|Any CPU.ActiveCfg = Release|Any CPU
		{DAA30037-95D5-4634-BF84-D3B628FD0897}.Test.Release|Any CPU.Build.0 = Release|Any CPU
		{DAA30037-95D5-4634-BF84-D3B628FD0897}.Test.Release|x64.ActiveCfg = Release|Any CPU
		{FC2AA55A-F0CA-423A-8F45-2F21FC6982CE}.Debug|Any CPU.ActiveCfg = Debug|Any CPU
		{FC2AA55A-F0CA-423A-8F45-2F21FC6982CE}.Debug|Any CPU.Build.0 = Debug|Any CPU
		{FC2AA55A-F0CA-423A-8F45-2F21FC6982CE}.Debug|x64.ActiveCfg = Debug|x64
		{FC2AA55A-F0CA-423A-8F45-2F21FC6982CE}.Debug|x64.Build.0 = Debug|x64
		{FC2AA55A-F0CA-423A-8F45-2F21FC6982CE}.Live.Debug|Any CPU.ActiveCfg = Live.Debug|Any CPU
		{FC2AA55A-F0CA-423A-8F45-2F21FC6982CE}.Live.Debug|Any CPU.Build.0 = Live.Debug|Any CPU
		{FC2AA55A-F0CA-423A-8F45-2F21FC6982CE}.Live.Debug|x64.ActiveCfg = Live.Debug|x64
		{FC2AA55A-F0CA-423A-8F45-2F21FC6982CE}.Live.Debug|x64.Build.0 = Live.Debug|x64
		{FC2AA55A-F0CA-423A-8F45-2F21FC6982CE}.Live.Release|Any CPU.ActiveCfg = Live.Release|Any CPU
		{FC2AA55A-F0CA-423A-8F45-2F21FC6982CE}.Live.Release|Any CPU.Build.0 = Live.Release|Any CPU
		{FC2AA55A-F0CA-423A-8F45-2F21FC6982CE}.Live.Release|x64.ActiveCfg = Live.Release|x64
		{FC2AA55A-F0CA-423A-8F45-2F21FC6982CE}.Live.Release|x64.Build.0 = Live.Release|x64
		{FC2AA55A-F0CA-423A-8F45-2F21FC6982CE}.Local.Debug|Any CPU.ActiveCfg = Local.Debug|Any CPU
		{FC2AA55A-F0CA-423A-8F45-2F21FC6982CE}.Local.Debug|Any CPU.Build.0 = Local.Debug|Any CPU
		{FC2AA55A-F0CA-423A-8F45-2F21FC6982CE}.Local.Debug|x64.ActiveCfg = Local.Debug|x64
		{FC2AA55A-F0CA-423A-8F45-2F21FC6982CE}.Local.Debug|x64.Build.0 = Local.Debug|x64
		{FC2AA55A-F0CA-423A-8F45-2F21FC6982CE}.Local.Release|Any CPU.ActiveCfg = Local.Release|Any CPU
		{FC2AA55A-F0CA-423A-8F45-2F21FC6982CE}.Local.Release|Any CPU.Build.0 = Local.Release|Any CPU
		{FC2AA55A-F0CA-423A-8F45-2F21FC6982CE}.Local.Release|x64.ActiveCfg = Local.Release|x64
		{FC2AA55A-F0CA-423A-8F45-2F21FC6982CE}.Local.Release|x64.Build.0 = Local.Release|x64
		{FC2AA55A-F0CA-423A-8F45-2F21FC6982CE}.Local.Test|Any CPU.ActiveCfg = Local.Test|Any CPU
		{FC2AA55A-F0CA-423A-8F45-2F21FC6982CE}.Local.Test|Any CPU.Build.0 = Local.Test|Any CPU
		{FC2AA55A-F0CA-423A-8F45-2F21FC6982CE}.Local.Test|x64.ActiveCfg = Local.Test|x64
		{FC2AA55A-F0CA-423A-8F45-2F21FC6982CE}.Local.Test|x64.Build.0 = Local.Test|x64
		{FC2AA55A-F0CA-423A-8F45-2F21FC6982CE}.Release|Any CPU.ActiveCfg = Release|Any CPU
		{FC2AA55A-F0CA-423A-8F45-2F21FC6982CE}.Release|Any CPU.Build.0 = Release|Any CPU
		{FC2AA55A-F0CA-423A-8F45-2F21FC6982CE}.Release|x64.ActiveCfg = Release|x64
		{FC2AA55A-F0CA-423A-8F45-2F21FC6982CE}.Release|x64.Build.0 = Release|x64
		{FC2AA55A-F0CA-423A-8F45-2F21FC6982CE}.Stagging.Debug|Any CPU.ActiveCfg = Stagging.Debug|Any CPU
		{FC2AA55A-F0CA-423A-8F45-2F21FC6982CE}.Stagging.Debug|Any CPU.Build.0 = Stagging.Debug|Any CPU
		{FC2AA55A-F0CA-423A-8F45-2F21FC6982CE}.Stagging.Debug|x64.ActiveCfg = Stagging.Debug|x64
		{FC2AA55A-F0CA-423A-8F45-2F21FC6982CE}.Stagging.Debug|x64.Build.0 = Stagging.Debug|x64
		{FC2AA55A-F0CA-423A-8F45-2F21FC6982CE}.Stagging.Release|Any CPU.ActiveCfg = Stagging.Release|Any CPU
		{FC2AA55A-F0CA-423A-8F45-2F21FC6982CE}.Stagging.Release|Any CPU.Build.0 = Stagging.Release|Any CPU
		{FC2AA55A-F0CA-423A-8F45-2F21FC6982CE}.Stagging.Release|x64.ActiveCfg = Stagging.Release|x64
		{FC2AA55A-F0CA-423A-8F45-2F21FC6982CE}.Stagging.Release|x64.Build.0 = Stagging.Release|x64
		{FC2AA55A-F0CA-423A-8F45-2F21FC6982CE}.Test.Debug|Any CPU.ActiveCfg = Test.Debug|Any CPU
		{FC2AA55A-F0CA-423A-8F45-2F21FC6982CE}.Test.Debug|Any CPU.Build.0 = Test.Debug|Any CPU
		{FC2AA55A-F0CA-423A-8F45-2F21FC6982CE}.Test.Debug|x64.ActiveCfg = Test.Debug|x64
		{FC2AA55A-F0CA-423A-8F45-2F21FC6982CE}.Test.Debug|x64.Build.0 = Test.Debug|x64
		{FC2AA55A-F0CA-423A-8F45-2F21FC6982CE}.Test.Release|Any CPU.ActiveCfg = Test.Release|Any CPU
		{FC2AA55A-F0CA-423A-8F45-2F21FC6982CE}.Test.Release|Any CPU.Build.0 = Test.Release|Any CPU
		{FC2AA55A-F0CA-423A-8F45-2F21FC6982CE}.Test.Release|x64.ActiveCfg = Test.Release|x64
		{FC2AA55A-F0CA-423A-8F45-2F21FC6982CE}.Test.Release|x64.Build.0 = Test.Release|x64
		{FFA64EB3-3D17-4DC1-8B8F-1E4B884AC7E5}.Debug|Any CPU.ActiveCfg = Debug|Any CPU
		{FFA64EB3-3D17-4DC1-8B8F-1E4B884AC7E5}.Debug|Any CPU.Build.0 = Debug|Any CPU
		{FFA64EB3-3D17-4DC1-8B8F-1E4B884AC7E5}.Debug|x64.ActiveCfg = Debug|x64
		{FFA64EB3-3D17-4DC1-8B8F-1E4B884AC7E5}.Debug|x64.Build.0 = Debug|x64
		{FFA64EB3-3D17-4DC1-8B8F-1E4B884AC7E5}.Live.Debug|Any CPU.ActiveCfg = Live.Debug|Any CPU
		{FFA64EB3-3D17-4DC1-8B8F-1E4B884AC7E5}.Live.Debug|Any CPU.Build.0 = Live.Debug|Any CPU
		{FFA64EB3-3D17-4DC1-8B8F-1E4B884AC7E5}.Live.Debug|x64.ActiveCfg = Live.Debug|x64
		{FFA64EB3-3D17-4DC1-8B8F-1E4B884AC7E5}.Live.Debug|x64.Build.0 = Live.Debug|x64
		{FFA64EB3-3D17-4DC1-8B8F-1E4B884AC7E5}.Live.Release|Any CPU.ActiveCfg = Live.Release|Any CPU
		{FFA64EB3-3D17-4DC1-8B8F-1E4B884AC7E5}.Live.Release|Any CPU.Build.0 = Live.Release|Any CPU
		{FFA64EB3-3D17-4DC1-8B8F-1E4B884AC7E5}.Live.Release|x64.ActiveCfg = Live.Release|x64
		{FFA64EB3-3D17-4DC1-8B8F-1E4B884AC7E5}.Live.Release|x64.Build.0 = Live.Release|x64
		{FFA64EB3-3D17-4DC1-8B8F-1E4B884AC7E5}.Local.Debug|Any CPU.ActiveCfg = Local.Debug|Any CPU
		{FFA64EB3-3D17-4DC1-8B8F-1E4B884AC7E5}.Local.Debug|Any CPU.Build.0 = Local.Debug|Any CPU
		{FFA64EB3-3D17-4DC1-8B8F-1E4B884AC7E5}.Local.Debug|x64.ActiveCfg = Local.Debug|x64
		{FFA64EB3-3D17-4DC1-8B8F-1E4B884AC7E5}.Local.Debug|x64.Build.0 = Local.Debug|x64
		{FFA64EB3-3D17-4DC1-8B8F-1E4B884AC7E5}.Local.Release|Any CPU.ActiveCfg = Local.Release|Any CPU
		{FFA64EB3-3D17-4DC1-8B8F-1E4B884AC7E5}.Local.Release|Any CPU.Build.0 = Local.Release|Any CPU
		{FFA64EB3-3D17-4DC1-8B8F-1E4B884AC7E5}.Local.Release|x64.ActiveCfg = Local.Release|x64
		{FFA64EB3-3D17-4DC1-8B8F-1E4B884AC7E5}.Local.Release|x64.Build.0 = Local.Release|x64
		{FFA64EB3-3D17-4DC1-8B8F-1E4B884AC7E5}.Local.Test|Any CPU.ActiveCfg = Local.Test|Any CPU
		{FFA64EB3-3D17-4DC1-8B8F-1E4B884AC7E5}.Local.Test|Any CPU.Build.0 = Local.Test|Any CPU
		{FFA64EB3-3D17-4DC1-8B8F-1E4B884AC7E5}.Local.Test|x64.ActiveCfg = Local.Test|x64
		{FFA64EB3-3D17-4DC1-8B8F-1E4B884AC7E5}.Local.Test|x64.Build.0 = Local.Test|x64
		{FFA64EB3-3D17-4DC1-8B8F-1E4B884AC7E5}.Release|Any CPU.ActiveCfg = Release|Any CPU
		{FFA64EB3-3D17-4DC1-8B8F-1E4B884AC7E5}.Release|Any CPU.Build.0 = Release|Any CPU
		{FFA64EB3-3D17-4DC1-8B8F-1E4B884AC7E5}.Release|x64.ActiveCfg = Release|x64
		{FFA64EB3-3D17-4DC1-8B8F-1E4B884AC7E5}.Release|x64.Build.0 = Release|x64
		{FFA64EB3-3D17-4DC1-8B8F-1E4B884AC7E5}.Stagging.Debug|Any CPU.ActiveCfg = Stagging.Debug|Any CPU
		{FFA64EB3-3D17-4DC1-8B8F-1E4B884AC7E5}.Stagging.Debug|Any CPU.Build.0 = Stagging.Debug|Any CPU
		{FFA64EB3-3D17-4DC1-8B8F-1E4B884AC7E5}.Stagging.Debug|x64.ActiveCfg = Stagging.Debug|x64
		{FFA64EB3-3D17-4DC1-8B8F-1E4B884AC7E5}.Stagging.Debug|x64.Build.0 = Stagging.Debug|x64
		{FFA64EB3-3D17-4DC1-8B8F-1E4B884AC7E5}.Stagging.Release|Any CPU.ActiveCfg = Stagging.Release|Any CPU
		{FFA64EB3-3D17-4DC1-8B8F-1E4B884AC7E5}.Stagging.Release|Any CPU.Build.0 = Stagging.Release|Any CPU
		{FFA64EB3-3D17-4DC1-8B8F-1E4B884AC7E5}.Stagging.Release|x64.ActiveCfg = Stagging.Release|x64
		{FFA64EB3-3D17-4DC1-8B8F-1E4B884AC7E5}.Stagging.Release|x64.Build.0 = Stagging.Release|x64
		{FFA64EB3-3D17-4DC1-8B8F-1E4B884AC7E5}.Test.Debug|Any CPU.ActiveCfg = Test.Debug|Any CPU
		{FFA64EB3-3D17-4DC1-8B8F-1E4B884AC7E5}.Test.Debug|Any CPU.Build.0 = Test.Debug|Any CPU
		{FFA64EB3-3D17-4DC1-8B8F-1E4B884AC7E5}.Test.Debug|x64.ActiveCfg = Test.Debug|x64
		{FFA64EB3-3D17-4DC1-8B8F-1E4B884AC7E5}.Test.Debug|x64.Build.0 = Test.Debug|x64
		{FFA64EB3-3D17-4DC1-8B8F-1E4B884AC7E5}.Test.Release|Any CPU.ActiveCfg = Test.Release|Any CPU
		{FFA64EB3-3D17-4DC1-8B8F-1E4B884AC7E5}.Test.Release|Any CPU.Build.0 = Test.Release|Any CPU
		{FFA64EB3-3D17-4DC1-8B8F-1E4B884AC7E5}.Test.Release|x64.ActiveCfg = Test.Release|x64
		{FFA64EB3-3D17-4DC1-8B8F-1E4B884AC7E5}.Test.Release|x64.Build.0 = Test.Release|x64
		{649FCE91-A01E-4165-91C7-12465294EE6D}.Debug|Any CPU.ActiveCfg = Debug|Any CPU
		{649FCE91-A01E-4165-91C7-12465294EE6D}.Debug|Any CPU.Build.0 = Debug|Any CPU
		{649FCE91-A01E-4165-91C7-12465294EE6D}.Debug|x64.ActiveCfg = Debug|Any CPU
		{649FCE91-A01E-4165-91C7-12465294EE6D}.Live.Debug|Any CPU.ActiveCfg = Debug|Any CPU
		{649FCE91-A01E-4165-91C7-12465294EE6D}.Live.Debug|Any CPU.Build.0 = Debug|Any CPU
		{649FCE91-A01E-4165-91C7-12465294EE6D}.Live.Debug|x64.ActiveCfg = Debug|Any CPU
		{649FCE91-A01E-4165-91C7-12465294EE6D}.Live.Release|Any CPU.ActiveCfg = Release|Any CPU
		{649FCE91-A01E-4165-91C7-12465294EE6D}.Live.Release|Any CPU.Build.0 = Release|Any CPU
		{649FCE91-A01E-4165-91C7-12465294EE6D}.Live.Release|x64.ActiveCfg = Release|Any CPU
		{649FCE91-A01E-4165-91C7-12465294EE6D}.Local.Debug|Any CPU.ActiveCfg = Debug|Any CPU
		{649FCE91-A01E-4165-91C7-12465294EE6D}.Local.Debug|Any CPU.Build.0 = Debug|Any CPU
		{649FCE91-A01E-4165-91C7-12465294EE6D}.Local.Debug|x64.ActiveCfg = Debug|Any CPU
		{649FCE91-A01E-4165-91C7-12465294EE6D}.Local.Release|Any CPU.ActiveCfg = Release|Any CPU
		{649FCE91-A01E-4165-91C7-12465294EE6D}.Local.Release|Any CPU.Build.0 = Release|Any CPU
		{649FCE91-A01E-4165-91C7-12465294EE6D}.Local.Release|x64.ActiveCfg = Release|Any CPU
		{649FCE91-A01E-4165-91C7-12465294EE6D}.Local.Test|Any CPU.ActiveCfg = Release|Any CPU
		{649FCE91-A01E-4165-91C7-12465294EE6D}.Local.Test|Any CPU.Build.0 = Release|Any CPU
		{649FCE91-A01E-4165-91C7-12465294EE6D}.Local.Test|x64.ActiveCfg = Release|Any CPU
		{649FCE91-A01E-4165-91C7-12465294EE6D}.Release|Any CPU.ActiveCfg = Release|Any CPU
		{649FCE91-A01E-4165-91C7-12465294EE6D}.Release|Any CPU.Build.0 = Release|Any CPU
		{649FCE91-A01E-4165-91C7-12465294EE6D}.Release|x64.ActiveCfg = Release|Any CPU
		{649FCE91-A01E-4165-91C7-12465294EE6D}.Stagging.Debug|Any CPU.ActiveCfg = Debug|Any CPU
		{649FCE91-A01E-4165-91C7-12465294EE6D}.Stagging.Debug|Any CPU.Build.0 = Debug|Any CPU
		{649FCE91-A01E-4165-91C7-12465294EE6D}.Stagging.Debug|x64.ActiveCfg = Debug|Any CPU
		{649FCE91-A01E-4165-91C7-12465294EE6D}.Stagging.Release|Any CPU.ActiveCfg = Release|Any CPU
		{649FCE91-A01E-4165-91C7-12465294EE6D}.Stagging.Release|Any CPU.Build.0 = Release|Any CPU
		{649FCE91-A01E-4165-91C7-12465294EE6D}.Stagging.Release|x64.ActiveCfg = Release|Any CPU
		{649FCE91-A01E-4165-91C7-12465294EE6D}.Test.Debug|Any CPU.ActiveCfg = Debug|Any CPU
		{649FCE91-A01E-4165-91C7-12465294EE6D}.Test.Debug|Any CPU.Build.0 = Debug|Any CPU
		{649FCE91-A01E-4165-91C7-12465294EE6D}.Test.Debug|x64.ActiveCfg = Debug|Any CPU
		{649FCE91-A01E-4165-91C7-12465294EE6D}.Test.Release|Any CPU.ActiveCfg = Release|Any CPU
		{649FCE91-A01E-4165-91C7-12465294EE6D}.Test.Release|Any CPU.Build.0 = Release|Any CPU
		{649FCE91-A01E-4165-91C7-12465294EE6D}.Test.Release|x64.ActiveCfg = Release|Any CPU
		{34106E25-0221-4DB2-A7A3-87A7952CA0F9}.Debug|Any CPU.ActiveCfg = Debug|Any CPU
		{34106E25-0221-4DB2-A7A3-87A7952CA0F9}.Debug|Any CPU.Build.0 = Debug|Any CPU
		{34106E25-0221-4DB2-A7A3-87A7952CA0F9}.Debug|x64.ActiveCfg = Debug|Any CPU
		{34106E25-0221-4DB2-A7A3-87A7952CA0F9}.Live.Debug|Any CPU.ActiveCfg = Debug|Any CPU
		{34106E25-0221-4DB2-A7A3-87A7952CA0F9}.Live.Debug|Any CPU.Build.0 = Debug|Any CPU
		{34106E25-0221-4DB2-A7A3-87A7952CA0F9}.Live.Debug|x64.ActiveCfg = Debug|Any CPU
		{34106E25-0221-4DB2-A7A3-87A7952CA0F9}.Live.Release|Any CPU.ActiveCfg = Release|Any CPU
		{34106E25-0221-4DB2-A7A3-87A7952CA0F9}.Live.Release|Any CPU.Build.0 = Release|Any CPU
		{34106E25-0221-4DB2-A7A3-87A7952CA0F9}.Live.Release|x64.ActiveCfg = Release|Any CPU
		{34106E25-0221-4DB2-A7A3-87A7952CA0F9}.Local.Debug|Any CPU.ActiveCfg = Debug|Any CPU
		{34106E25-0221-4DB2-A7A3-87A7952CA0F9}.Local.Debug|Any CPU.Build.0 = Debug|Any CPU
		{34106E25-0221-4DB2-A7A3-87A7952CA0F9}.Local.Debug|x64.ActiveCfg = Debug|Any CPU
		{34106E25-0221-4DB2-A7A3-87A7952CA0F9}.Local.Release|Any CPU.ActiveCfg = Release|Any CPU
		{34106E25-0221-4DB2-A7A3-87A7952CA0F9}.Local.Release|Any CPU.Build.0 = Release|Any CPU
		{34106E25-0221-4DB2-A7A3-87A7952CA0F9}.Local.Release|x64.ActiveCfg = Release|Any CPU
		{34106E25-0221-4DB2-A7A3-87A7952CA0F9}.Local.Test|Any CPU.ActiveCfg = Release|Any CPU
		{34106E25-0221-4DB2-A7A3-87A7952CA0F9}.Local.Test|Any CPU.Build.0 = Release|Any CPU
		{34106E25-0221-4DB2-A7A3-87A7952CA0F9}.Local.Test|x64.ActiveCfg = Release|Any CPU
		{34106E25-0221-4DB2-A7A3-87A7952CA0F9}.Release|Any CPU.ActiveCfg = Release|Any CPU
		{34106E25-0221-4DB2-A7A3-87A7952CA0F9}.Release|Any CPU.Build.0 = Release|Any CPU
		{34106E25-0221-4DB2-A7A3-87A7952CA0F9}.Release|x64.ActiveCfg = Release|Any CPU
		{34106E25-0221-4DB2-A7A3-87A7952CA0F9}.Stagging.Debug|Any CPU.ActiveCfg = Debug|Any CPU
		{34106E25-0221-4DB2-A7A3-87A7952CA0F9}.Stagging.Debug|Any CPU.Build.0 = Debug|Any CPU
		{34106E25-0221-4DB2-A7A3-87A7952CA0F9}.Stagging.Debug|x64.ActiveCfg = Debug|Any CPU
		{34106E25-0221-4DB2-A7A3-87A7952CA0F9}.Stagging.Release|Any CPU.ActiveCfg = Release|Any CPU
		{34106E25-0221-4DB2-A7A3-87A7952CA0F9}.Stagging.Release|Any CPU.Build.0 = Release|Any CPU
		{34106E25-0221-4DB2-A7A3-87A7952CA0F9}.Stagging.Release|x64.ActiveCfg = Release|Any CPU
		{34106E25-0221-4DB2-A7A3-87A7952CA0F9}.Test.Debug|Any CPU.ActiveCfg = Debug|Any CPU
		{34106E25-0221-4DB2-A7A3-87A7952CA0F9}.Test.Debug|Any CPU.Build.0 = Debug|Any CPU
		{34106E25-0221-4DB2-A7A3-87A7952CA0F9}.Test.Debug|x64.ActiveCfg = Debug|Any CPU
		{34106E25-0221-4DB2-A7A3-87A7952CA0F9}.Test.Release|Any CPU.ActiveCfg = Release|Any CPU
		{34106E25-0221-4DB2-A7A3-87A7952CA0F9}.Test.Release|Any CPU.Build.0 = Release|Any CPU
		{34106E25-0221-4DB2-A7A3-87A7952CA0F9}.Test.Release|x64.ActiveCfg = Release|Any CPU
		{E4E07AF9-8B9B-4C22-BC21-A1B69281FF15}.Debug|Any CPU.ActiveCfg = Debug|Any CPU
		{E4E07AF9-8B9B-4C22-BC21-A1B69281FF15}.Debug|Any CPU.Build.0 = Debug|Any CPU
		{E4E07AF9-8B9B-4C22-BC21-A1B69281FF15}.Debug|x64.ActiveCfg = Debug|Any CPU
		{E4E07AF9-8B9B-4C22-BC21-A1B69281FF15}.Live.Debug|Any CPU.ActiveCfg = Live.Debug|Any CPU
		{E4E07AF9-8B9B-4C22-BC21-A1B69281FF15}.Live.Debug|Any CPU.Build.0 = Live.Debug|Any CPU
		{E4E07AF9-8B9B-4C22-BC21-A1B69281FF15}.Live.Debug|x64.ActiveCfg = Live.Debug|Any CPU
		{E4E07AF9-8B9B-4C22-BC21-A1B69281FF15}.Live.Release|Any CPU.ActiveCfg = Live.Release|Any CPU
		{E4E07AF9-8B9B-4C22-BC21-A1B69281FF15}.Live.Release|Any CPU.Build.0 = Live.Release|Any CPU
		{E4E07AF9-8B9B-4C22-BC21-A1B69281FF15}.Live.Release|x64.ActiveCfg = Live.Release|Any CPU
		{E4E07AF9-8B9B-4C22-BC21-A1B69281FF15}.Local.Debug|Any CPU.ActiveCfg = Local.Debug|Any CPU
		{E4E07AF9-8B9B-4C22-BC21-A1B69281FF15}.Local.Debug|Any CPU.Build.0 = Local.Debug|Any CPU
		{E4E07AF9-8B9B-4C22-BC21-A1B69281FF15}.Local.Debug|x64.ActiveCfg = Local.Debug|Any CPU
		{E4E07AF9-8B9B-4C22-BC21-A1B69281FF15}.Local.Release|Any CPU.ActiveCfg = Local.Release|Any CPU
		{E4E07AF9-8B9B-4C22-BC21-A1B69281FF15}.Local.Release|Any CPU.Build.0 = Local.Release|Any CPU
		{E4E07AF9-8B9B-4C22-BC21-A1B69281FF15}.Local.Release|x64.ActiveCfg = Local.Release|Any CPU
		{E4E07AF9-8B9B-4C22-BC21-A1B69281FF15}.Local.Test|Any CPU.ActiveCfg = Local.Test|Any CPU
		{E4E07AF9-8B9B-4C22-BC21-A1B69281FF15}.Local.Test|Any CPU.Build.0 = Local.Test|Any CPU
		{E4E07AF9-8B9B-4C22-BC21-A1B69281FF15}.Local.Test|x64.ActiveCfg = Local.Test|Any CPU
		{E4E07AF9-8B9B-4C22-BC21-A1B69281FF15}.Release|Any CPU.ActiveCfg = Release|Any CPU
		{E4E07AF9-8B9B-4C22-BC21-A1B69281FF15}.Release|Any CPU.Build.0 = Release|Any CPU
		{E4E07AF9-8B9B-4C22-BC21-A1B69281FF15}.Release|x64.ActiveCfg = Release|Any CPU
		{E4E07AF9-8B9B-4C22-BC21-A1B69281FF15}.Stagging.Debug|Any CPU.ActiveCfg = Stagging.Debug|Any CPU
		{E4E07AF9-8B9B-4C22-BC21-A1B69281FF15}.Stagging.Debug|Any CPU.Build.0 = Stagging.Debug|Any CPU
		{E4E07AF9-8B9B-4C22-BC21-A1B69281FF15}.Stagging.Debug|x64.ActiveCfg = Stagging.Debug|Any CPU
		{E4E07AF9-8B9B-4C22-BC21-A1B69281FF15}.Stagging.Release|Any CPU.ActiveCfg = Stagging.Release|Any CPU
		{E4E07AF9-8B9B-4C22-BC21-A1B69281FF15}.Stagging.Release|Any CPU.Build.0 = Stagging.Release|Any CPU
		{E4E07AF9-8B9B-4C22-BC21-A1B69281FF15}.Stagging.Release|x64.ActiveCfg = Stagging.Release|Any CPU
		{E4E07AF9-8B9B-4C22-BC21-A1B69281FF15}.Test.Debug|Any CPU.ActiveCfg = Test.Debug|Any CPU
		{E4E07AF9-8B9B-4C22-BC21-A1B69281FF15}.Test.Debug|Any CPU.Build.0 = Test.Debug|Any CPU
		{E4E07AF9-8B9B-4C22-BC21-A1B69281FF15}.Test.Debug|x64.ActiveCfg = Test.Debug|Any CPU
		{E4E07AF9-8B9B-4C22-BC21-A1B69281FF15}.Test.Release|Any CPU.ActiveCfg = Test.Release|Any CPU
		{E4E07AF9-8B9B-4C22-BC21-A1B69281FF15}.Test.Release|Any CPU.Build.0 = Test.Release|Any CPU
		{E4E07AF9-8B9B-4C22-BC21-A1B69281FF15}.Test.Release|x64.ActiveCfg = Test.Release|Any CPU
		{54D5DA6D-FD32-401D-BB91-6A8068FAE4AA}.Debug|Any CPU.ActiveCfg = Debug|Any CPU
		{54D5DA6D-FD32-401D-BB91-6A8068FAE4AA}.Debug|Any CPU.Build.0 = Debug|Any CPU
		{54D5DA6D-FD32-401D-BB91-6A8068FAE4AA}.Debug|x64.ActiveCfg = Debug|Any CPU
		{54D5DA6D-FD32-401D-BB91-6A8068FAE4AA}.Live.Debug|Any CPU.ActiveCfg = Live.Debug|Any CPU
		{54D5DA6D-FD32-401D-BB91-6A8068FAE4AA}.Live.Debug|Any CPU.Build.0 = Live.Debug|Any CPU
		{54D5DA6D-FD32-401D-BB91-6A8068FAE4AA}.Live.Debug|x64.ActiveCfg = Live.Debug|Any CPU
		{54D5DA6D-FD32-401D-BB91-6A8068FAE4AA}.Live.Release|Any CPU.ActiveCfg = Live.Release|Any CPU
		{54D5DA6D-FD32-401D-BB91-6A8068FAE4AA}.Live.Release|Any CPU.Build.0 = Live.Release|Any CPU
		{54D5DA6D-FD32-401D-BB91-6A8068FAE4AA}.Live.Release|x64.ActiveCfg = Live.Release|Any CPU
		{54D5DA6D-FD32-401D-BB91-6A8068FAE4AA}.Local.Debug|Any CPU.ActiveCfg = Local.Debug|Any CPU
		{54D5DA6D-FD32-401D-BB91-6A8068FAE4AA}.Local.Debug|Any CPU.Build.0 = Local.Debug|Any CPU
		{54D5DA6D-FD32-401D-BB91-6A8068FAE4AA}.Local.Debug|x64.ActiveCfg = Local.Debug|Any CPU
		{54D5DA6D-FD32-401D-BB91-6A8068FAE4AA}.Local.Release|Any CPU.ActiveCfg = Local.Release|Any CPU
		{54D5DA6D-FD32-401D-BB91-6A8068FAE4AA}.Local.Release|Any CPU.Build.0 = Local.Release|Any CPU
		{54D5DA6D-FD32-401D-BB91-6A8068FAE4AA}.Local.Release|x64.ActiveCfg = Local.Release|Any CPU
		{54D5DA6D-FD32-401D-BB91-6A8068FAE4AA}.Local.Test|Any CPU.ActiveCfg = Local.Release|Any CPU
		{54D5DA6D-FD32-401D-BB91-6A8068FAE4AA}.Local.Test|Any CPU.Build.0 = Local.Release|Any CPU
		{54D5DA6D-FD32-401D-BB91-6A8068FAE4AA}.Local.Test|x64.ActiveCfg = Local.Release|Any CPU
		{54D5DA6D-FD32-401D-BB91-6A8068FAE4AA}.Release|Any CPU.ActiveCfg = Release|Any CPU
		{54D5DA6D-FD32-401D-BB91-6A8068FAE4AA}.Release|Any CPU.Build.0 = Release|Any CPU
		{54D5DA6D-FD32-401D-BB91-6A8068FAE4AA}.Release|x64.ActiveCfg = Release|Any CPU
		{54D5DA6D-FD32-401D-BB91-6A8068FAE4AA}.Stagging.Debug|Any CPU.ActiveCfg = Debug|Any CPU
		{54D5DA6D-FD32-401D-BB91-6A8068FAE4AA}.Stagging.Debug|Any CPU.Build.0 = Debug|Any CPU
		{54D5DA6D-FD32-401D-BB91-6A8068FAE4AA}.Stagging.Debug|x64.ActiveCfg = Debug|Any CPU
		{54D5DA6D-FD32-401D-BB91-6A8068FAE4AA}.Stagging.Release|Any CPU.ActiveCfg = Release|Any CPU
		{54D5DA6D-FD32-401D-BB91-6A8068FAE4AA}.Stagging.Release|Any CPU.Build.0 = Release|Any CPU
		{54D5DA6D-FD32-401D-BB91-6A8068FAE4AA}.Stagging.Release|x64.ActiveCfg = Release|Any CPU
		{54D5DA6D-FD32-401D-BB91-6A8068FAE4AA}.Test.Debug|Any CPU.ActiveCfg = Test.Debug|Any CPU
		{54D5DA6D-FD32-401D-BB91-6A8068FAE4AA}.Test.Debug|Any CPU.Build.0 = Test.Debug|Any CPU
		{54D5DA6D-FD32-401D-BB91-6A8068FAE4AA}.Test.Debug|x64.ActiveCfg = Test.Debug|Any CPU
		{54D5DA6D-FD32-401D-BB91-6A8068FAE4AA}.Test.Release|Any CPU.ActiveCfg = Test.Release|Any CPU
		{54D5DA6D-FD32-401D-BB91-6A8068FAE4AA}.Test.Release|Any CPU.Build.0 = Test.Release|Any CPU
		{54D5DA6D-FD32-401D-BB91-6A8068FAE4AA}.Test.Release|x64.ActiveCfg = Test.Release|Any CPU
		{256B7409-9CED-4AC4-912A-EF8D4C819801}.Debug|Any CPU.ActiveCfg = Debug|Any CPU
		{256B7409-9CED-4AC4-912A-EF8D4C819801}.Debug|Any CPU.Build.0 = Debug|Any CPU
		{256B7409-9CED-4AC4-912A-EF8D4C819801}.Debug|x64.ActiveCfg = Debug|Any CPU
		{256B7409-9CED-4AC4-912A-EF8D4C819801}.Live.Debug|Any CPU.ActiveCfg = Live.Debug|Any CPU
		{256B7409-9CED-4AC4-912A-EF8D4C819801}.Live.Debug|Any CPU.Build.0 = Live.Debug|Any CPU
		{256B7409-9CED-4AC4-912A-EF8D4C819801}.Live.Debug|x64.ActiveCfg = Live.Debug|Any CPU
		{256B7409-9CED-4AC4-912A-EF8D4C819801}.Live.Release|Any CPU.ActiveCfg = Live.Release|Any CPU
		{256B7409-9CED-4AC4-912A-EF8D4C819801}.Live.Release|Any CPU.Build.0 = Live.Release|Any CPU
		{256B7409-9CED-4AC4-912A-EF8D4C819801}.Live.Release|x64.ActiveCfg = Live.Release|Any CPU
		{256B7409-9CED-4AC4-912A-EF8D4C819801}.Local.Debug|Any CPU.ActiveCfg = Local.Debug|Any CPU
		{256B7409-9CED-4AC4-912A-EF8D4C819801}.Local.Debug|Any CPU.Build.0 = Local.Debug|Any CPU
		{256B7409-9CED-4AC4-912A-EF8D4C819801}.Local.Debug|x64.ActiveCfg = Local.Debug|Any CPU
		{256B7409-9CED-4AC4-912A-EF8D4C819801}.Local.Release|Any CPU.ActiveCfg = Local.Release|Any CPU
		{256B7409-9CED-4AC4-912A-EF8D4C819801}.Local.Release|Any CPU.Build.0 = Local.Release|Any CPU
		{256B7409-9CED-4AC4-912A-EF8D4C819801}.Local.Release|x64.ActiveCfg = Local.Release|Any CPU
		{256B7409-9CED-4AC4-912A-EF8D4C819801}.Local.Test|Any CPU.ActiveCfg = Local.Test|Any CPU
		{256B7409-9CED-4AC4-912A-EF8D4C819801}.Local.Test|Any CPU.Build.0 = Local.Test|Any CPU
		{256B7409-9CED-4AC4-912A-EF8D4C819801}.Local.Test|x64.ActiveCfg = Local.Test|Any CPU
		{256B7409-9CED-4AC4-912A-EF8D4C819801}.Release|Any CPU.ActiveCfg = Release|Any CPU
		{256B7409-9CED-4AC4-912A-EF8D4C819801}.Release|Any CPU.Build.0 = Release|Any CPU
		{256B7409-9CED-4AC4-912A-EF8D4C819801}.Release|x64.ActiveCfg = Release|Any CPU
		{256B7409-9CED-4AC4-912A-EF8D4C819801}.Stagging.Debug|Any CPU.ActiveCfg = Stagging.Debug|Any CPU
		{256B7409-9CED-4AC4-912A-EF8D4C819801}.Stagging.Debug|Any CPU.Build.0 = Stagging.Debug|Any CPU
		{256B7409-9CED-4AC4-912A-EF8D4C819801}.Stagging.Debug|x64.ActiveCfg = Stagging.Debug|Any CPU
		{256B7409-9CED-4AC4-912A-EF8D4C819801}.Stagging.Release|Any CPU.ActiveCfg = Stagging.Release|Any CPU
		{256B7409-9CED-4AC4-912A-EF8D4C819801}.Stagging.Release|Any CPU.Build.0 = Stagging.Release|Any CPU
		{256B7409-9CED-4AC4-912A-EF8D4C819801}.Stagging.Release|x64.ActiveCfg = Stagging.Release|Any CPU
		{256B7409-9CED-4AC4-912A-EF8D4C819801}.Test.Debug|Any CPU.ActiveCfg = Test.Debug|Any CPU
		{256B7409-9CED-4AC4-912A-EF8D4C819801}.Test.Debug|Any CPU.Build.0 = Test.Debug|Any CPU
		{256B7409-9CED-4AC4-912A-EF8D4C819801}.Test.Debug|x64.ActiveCfg = Test.Debug|Any CPU
		{256B7409-9CED-4AC4-912A-EF8D4C819801}.Test.Release|Any CPU.ActiveCfg = Test.Release|Any CPU
		{256B7409-9CED-4AC4-912A-EF8D4C819801}.Test.Release|Any CPU.Build.0 = Test.Release|Any CPU
		{256B7409-9CED-4AC4-912A-EF8D4C819801}.Test.Release|x64.ActiveCfg = Test.Release|Any CPU
		{EED0EACD-D15F-44AE-A7A4-7851C2FF9203}.Debug|Any CPU.ActiveCfg = Debug|Any CPU
		{EED0EACD-D15F-44AE-A7A4-7851C2FF9203}.Debug|Any CPU.Build.0 = Debug|Any CPU
		{EED0EACD-D15F-44AE-A7A4-7851C2FF9203}.Debug|x64.ActiveCfg = Debug|Any CPU
		{EED0EACD-D15F-44AE-A7A4-7851C2FF9203}.Live.Debug|Any CPU.ActiveCfg = Debug|Any CPU
		{EED0EACD-D15F-44AE-A7A4-7851C2FF9203}.Live.Debug|Any CPU.Build.0 = Debug|Any CPU
		{EED0EACD-D15F-44AE-A7A4-7851C2FF9203}.Live.Debug|x64.ActiveCfg = Debug|Any CPU
		{EED0EACD-D15F-44AE-A7A4-7851C2FF9203}.Live.Release|Any CPU.ActiveCfg = Release|Any CPU
		{EED0EACD-D15F-44AE-A7A4-7851C2FF9203}.Live.Release|Any CPU.Build.0 = Release|Any CPU
		{EED0EACD-D15F-44AE-A7A4-7851C2FF9203}.Live.Release|x64.ActiveCfg = Release|Any CPU
		{EED0EACD-D15F-44AE-A7A4-7851C2FF9203}.Local.Debug|Any CPU.ActiveCfg = Debug|Any CPU
		{EED0EACD-D15F-44AE-A7A4-7851C2FF9203}.Local.Debug|Any CPU.Build.0 = Debug|Any CPU
		{EED0EACD-D15F-44AE-A7A4-7851C2FF9203}.Local.Debug|x64.ActiveCfg = Debug|Any CPU
		{EED0EACD-D15F-44AE-A7A4-7851C2FF9203}.Local.Release|Any CPU.ActiveCfg = Release|Any CPU
		{EED0EACD-D15F-44AE-A7A4-7851C2FF9203}.Local.Release|Any CPU.Build.0 = Release|Any CPU
		{EED0EACD-D15F-44AE-A7A4-7851C2FF9203}.Local.Release|x64.ActiveCfg = Release|Any CPU
		{EED0EACD-D15F-44AE-A7A4-7851C2FF9203}.Local.Test|Any CPU.ActiveCfg = Release|Any CPU
		{EED0EACD-D15F-44AE-A7A4-7851C2FF9203}.Local.Test|Any CPU.Build.0 = Release|Any CPU
		{EED0EACD-D15F-44AE-A7A4-7851C2FF9203}.Local.Test|x64.ActiveCfg = Release|Any CPU
		{EED0EACD-D15F-44AE-A7A4-7851C2FF9203}.Release|Any CPU.ActiveCfg = Release|Any CPU
		{EED0EACD-D15F-44AE-A7A4-7851C2FF9203}.Release|Any CPU.Build.0 = Release|Any CPU
		{EED0EACD-D15F-44AE-A7A4-7851C2FF9203}.Release|x64.ActiveCfg = Release|Any CPU
		{EED0EACD-D15F-44AE-A7A4-7851C2FF9203}.Stagging.Debug|Any CPU.ActiveCfg = Debug|Any CPU
		{EED0EACD-D15F-44AE-A7A4-7851C2FF9203}.Stagging.Debug|Any CPU.Build.0 = Debug|Any CPU
		{EED0EACD-D15F-44AE-A7A4-7851C2FF9203}.Stagging.Debug|x64.ActiveCfg = Debug|Any CPU
		{EED0EACD-D15F-44AE-A7A4-7851C2FF9203}.Stagging.Release|Any CPU.ActiveCfg = Release|Any CPU
		{EED0EACD-D15F-44AE-A7A4-7851C2FF9203}.Stagging.Release|Any CPU.Build.0 = Release|Any CPU
		{EED0EACD-D15F-44AE-A7A4-7851C2FF9203}.Stagging.Release|x64.ActiveCfg = Release|Any CPU
		{EED0EACD-D15F-44AE-A7A4-7851C2FF9203}.Test.Debug|Any CPU.ActiveCfg = Debug|Any CPU
		{EED0EACD-D15F-44AE-A7A4-7851C2FF9203}.Test.Debug|Any CPU.Build.0 = Debug|Any CPU
		{EED0EACD-D15F-44AE-A7A4-7851C2FF9203}.Test.Debug|x64.ActiveCfg = Debug|Any CPU
		{EED0EACD-D15F-44AE-A7A4-7851C2FF9203}.Test.Release|Any CPU.ActiveCfg = Release|Any CPU
		{EED0EACD-D15F-44AE-A7A4-7851C2FF9203}.Test.Release|Any CPU.Build.0 = Release|Any CPU
		{EED0EACD-D15F-44AE-A7A4-7851C2FF9203}.Test.Release|x64.ActiveCfg = Release|Any CPU
		{D607130E-F6E7-4982-A034-4230FD69D98D}.Debug|Any CPU.ActiveCfg = Debug|Any CPU
		{D607130E-F6E7-4982-A034-4230FD69D98D}.Debug|Any CPU.Build.0 = Debug|Any CPU
		{D607130E-F6E7-4982-A034-4230FD69D98D}.Debug|x64.ActiveCfg = Debug|Any CPU
		{D607130E-F6E7-4982-A034-4230FD69D98D}.Live.Debug|Any CPU.ActiveCfg = Debug|Any CPU
		{D607130E-F6E7-4982-A034-4230FD69D98D}.Live.Debug|Any CPU.Build.0 = Debug|Any CPU
		{D607130E-F6E7-4982-A034-4230FD69D98D}.Live.Debug|x64.ActiveCfg = Debug|Any CPU
		{D607130E-F6E7-4982-A034-4230FD69D98D}.Live.Release|Any CPU.ActiveCfg = Release|Any CPU
		{D607130E-F6E7-4982-A034-4230FD69D98D}.Live.Release|Any CPU.Build.0 = Release|Any CPU
		{D607130E-F6E7-4982-A034-4230FD69D98D}.Live.Release|x64.ActiveCfg = Release|Any CPU
		{D607130E-F6E7-4982-A034-4230FD69D98D}.Local.Debug|Any CPU.ActiveCfg = Debug|Any CPU
		{D607130E-F6E7-4982-A034-4230FD69D98D}.Local.Debug|Any CPU.Build.0 = Debug|Any CPU
		{D607130E-F6E7-4982-A034-4230FD69D98D}.Local.Debug|x64.ActiveCfg = Debug|Any CPU
		{D607130E-F6E7-4982-A034-4230FD69D98D}.Local.Release|Any CPU.ActiveCfg = Release|Any CPU
		{D607130E-F6E7-4982-A034-4230FD69D98D}.Local.Release|Any CPU.Build.0 = Release|Any CPU
		{D607130E-F6E7-4982-A034-4230FD69D98D}.Local.Release|x64.ActiveCfg = Release|Any CPU
		{D607130E-F6E7-4982-A034-4230FD69D98D}.Local.Test|Any CPU.ActiveCfg = Release|Any CPU
		{D607130E-F6E7-4982-A034-4230FD69D98D}.Local.Test|Any CPU.Build.0 = Release|Any CPU
		{D607130E-F6E7-4982-A034-4230FD69D98D}.Local.Test|x64.ActiveCfg = Release|Any CPU
		{D607130E-F6E7-4982-A034-4230FD69D98D}.Release|Any CPU.ActiveCfg = Release|Any CPU
		{D607130E-F6E7-4982-A034-4230FD69D98D}.Release|Any CPU.Build.0 = Release|Any CPU
		{D607130E-F6E7-4982-A034-4230FD69D98D}.Release|x64.ActiveCfg = Release|Any CPU
		{D607130E-F6E7-4982-A034-4230FD69D98D}.Stagging.Debug|Any CPU.ActiveCfg = Debug|Any CPU
		{D607130E-F6E7-4982-A034-4230FD69D98D}.Stagging.Debug|Any CPU.Build.0 = Debug|Any CPU
		{D607130E-F6E7-4982-A034-4230FD69D98D}.Stagging.Debug|x64.ActiveCfg = Debug|Any CPU
		{D607130E-F6E7-4982-A034-4230FD69D98D}.Stagging.Release|Any CPU.ActiveCfg = Release|Any CPU
		{D607130E-F6E7-4982-A034-4230FD69D98D}.Stagging.Release|Any CPU.Build.0 = Release|Any CPU
		{D607130E-F6E7-4982-A034-4230FD69D98D}.Stagging.Release|x64.ActiveCfg = Release|Any CPU
		{D607130E-F6E7-4982-A034-4230FD69D98D}.Test.Debug|Any CPU.ActiveCfg = Debug|Any CPU
		{D607130E-F6E7-4982-A034-4230FD69D98D}.Test.Debug|Any CPU.Build.0 = Debug|Any CPU
		{D607130E-F6E7-4982-A034-4230FD69D98D}.Test.Debug|x64.ActiveCfg = Debug|Any CPU
		{D607130E-F6E7-4982-A034-4230FD69D98D}.Test.Release|Any CPU.ActiveCfg = Release|Any CPU
		{D607130E-F6E7-4982-A034-4230FD69D98D}.Test.Release|Any CPU.Build.0 = Release|Any CPU
		{D607130E-F6E7-4982-A034-4230FD69D98D}.Test.Release|x64.ActiveCfg = Release|Any CPU
	EndGlobalSection
	GlobalSection(SolutionProperties) = preSolution
		HideSolutionNode = FALSE
	EndGlobalSection
EndGlobal
